// !$*UTF8*$!
{
	archiveVersion = 1;
	classes = {
	};
	objectVersion = 46;
	objects = {

/* Begin PBXBuildFile section */
		166E3BA920333E04006799C1 /* LightboxImageStub.swift in Sources */ = {isa = PBXBuildFile; fileRef = 166E3BA820333E04006799C1 /* LightboxImageStub.swift */; };
		C926B61121C3702400D68ED1 /* View+Imaginary.swift in Sources */ = {isa = PBXBuildFile; fileRef = C926B60F21C3702400D68ED1 /* View+Imaginary.swift */; };
		C926B61221C3702400D68ED1 /* ImageFetcher.swift in Sources */ = {isa = PBXBuildFile; fileRef = C926B61021C3702400D68ED1 /* ImageFetcher.swift */; };
		D22006741DFB4D9700E92898 /* Lightbox.bundle in Resources */ = {isa = PBXBuildFile; fileRef = D22006731DFB4D9700E92898 /* Lightbox.bundle */; };
		D2258CC4215CD035005A9A1C /* Color+Extensions.swift in Sources */ = {isa = PBXBuildFile; fileRef = D2258CC3215CD035005A9A1C /* Color+Extensions.swift */; };
		D229B5E61FC3123F00F04123 /* Lightbox.framework in Frameworks */ = {isa = PBXBuildFile; fileRef = D523B0A91C43AA2A001AD1EC /* Lightbox.framework */; };
		D229B5ED1FC3125D00F04123 /* InfoLabelTests.swift in Sources */ = {isa = PBXBuildFile; fileRef = D229B5EC1FC3125D00F04123 /* InfoLabelTests.swift */; };
		D2D71BBC1D54DA77006AB907 /* AssetManager.swift in Sources */ = {isa = PBXBuildFile; fileRef = D2D71BBB1D54DA77006AB907 /* AssetManager.swift */; };
		D5026B3C1C5BF3FD003BC1A3 /* LightboxImage.swift in Sources */ = {isa = PBXBuildFile; fileRef = D5026B3B1C5BF3FD003BC1A3 /* LightboxImage.swift */; };
		D523B0BD1C43AA8B001AD1EC /* LightboxConfig.swift in Sources */ = {isa = PBXBuildFile; fileRef = D523B0B61C43AA8A001AD1EC /* LightboxConfig.swift */; };
		D523B0BE1C43AA8B001AD1EC /* LightboxController.swift in Sources */ = {isa = PBXBuildFile; fileRef = D523B0B71C43AA8A001AD1EC /* LightboxController.swift */; };
		D54DFCBE1C5AAAD600ADEA0E /* InfoLabel.swift in Sources */ = {isa = PBXBuildFile; fileRef = D54DFCBC1C5AAAD600ADEA0E /* InfoLabel.swift */; };
		D54DFCBF1C5AAAD600ADEA0E /* PageView.swift in Sources */ = {isa = PBXBuildFile; fileRef = D54DFCBD1C5AAAD600ADEA0E /* PageView.swift */; };
		D56F15C81E0AB79800F128AF /* LoadingIndicator.swift in Sources */ = {isa = PBXBuildFile; fileRef = D56F15C71E0AB79800F128AF /* LoadingIndicator.swift */; };
		D573A2F01C5B5605006053DD /* HeaderView.swift in Sources */ = {isa = PBXBuildFile; fileRef = D573A2EF1C5B5605006053DD /* HeaderView.swift */; };
		D573A2F31C5B5C7B006053DD /* LayoutConfigurable.swift in Sources */ = {isa = PBXBuildFile; fileRef = D573A2F21C5B5C7B006053DD /* LayoutConfigurable.swift */; };
		D573A2F51C5B5CA4006053DD /* LightboxTransition.swift in Sources */ = {isa = PBXBuildFile; fileRef = D573A2F41C5B5CA4006053DD /* LightboxTransition.swift */; };
		D573A2F71C5B5E55006053DD /* UIView+Gradient.swift in Sources */ = {isa = PBXBuildFile; fileRef = D573A2F61C5B5E55006053DD /* UIView+Gradient.swift */; };
		D58A18CB1C5ABF8F000024BB /* FooterView.swift in Sources */ = {isa = PBXBuildFile; fileRef = D58A18CA1C5ABF8F000024BB /* FooterView.swift */; };
/* End PBXBuildFile section */

/* Begin PBXContainerItemProxy section */
		D229B5E71FC3123F00F04123 /* PBXContainerItemProxy */ = {
			isa = PBXContainerItemProxy;
			containerPortal = D523B0A01C43AA2A001AD1EC /* Project object */;
			proxyType = 1;
			remoteGlobalIDString = D523B0A81C43AA2A001AD1EC;
			remoteInfo = "Lightbox-iOS";
		};
/* End PBXContainerItemProxy section */

/* Begin PBXFileReference section */
		166E3BA820333E04006799C1 /* LightboxImageStub.swift */ = {isa = PBXFileReference; lastKnownFileType = sourcecode.swift; path = LightboxImageStub.swift; sourceTree = "<group>"; };
		C926B60F21C3702400D68ED1 /* View+Imaginary.swift */ = {isa = PBXFileReference; fileEncoding = 4; lastKnownFileType = sourcecode.swift; path = "View+Imaginary.swift"; sourceTree = "<group>"; };
		C926B61021C3702400D68ED1 /* ImageFetcher.swift */ = {isa = PBXFileReference; fileEncoding = 4; lastKnownFileType = sourcecode.swift; path = ImageFetcher.swift; sourceTree = "<group>"; };
		C9B631D721C30FF8005436BC /* iOS-Framework.xcconfig */ = {isa = PBXFileReference; lastKnownFileType = text.xcconfig; path = "iOS-Framework.xcconfig"; sourceTree = "<group>"; };
		C9B631D821C30FF8005436BC /* iOS-Application.xcconfig */ = {isa = PBXFileReference; lastKnownFileType = text.xcconfig; path = "iOS-Application.xcconfig"; sourceTree = "<group>"; };
		C9B631DA21C30FF8005436BC /* Debug.xcconfig */ = {isa = PBXFileReference; lastKnownFileType = text.xcconfig; path = Debug.xcconfig; sourceTree = "<group>"; };
		C9B631DB21C30FF8005436BC /* Release.xcconfig */ = {isa = PBXFileReference; lastKnownFileType = text.xcconfig; path = Release.xcconfig; sourceTree = "<group>"; };
		D22006731DFB4D9700E92898 /* Lightbox.bundle */ = {isa = PBXFileReference; lastKnownFileType = "wrapper.plug-in"; path = Lightbox.bundle; sourceTree = "<group>"; };
		D2258CC3215CD035005A9A1C /* Color+Extensions.swift */ = {isa = PBXFileReference; lastKnownFileType = sourcecode.swift; path = "Color+Extensions.swift"; sourceTree = "<group>"; };
		D229B5E11FC3123F00F04123 /* LightboxTests.xctest */ = {isa = PBXFileReference; explicitFileType = wrapper.cfbundle; includeInIndex = 0; path = LightboxTests.xctest; sourceTree = BUILT_PRODUCTS_DIR; };
		D229B5E51FC3123F00F04123 /* Info.plist */ = {isa = PBXFileReference; lastKnownFileType = text.plist.xml; path = Info.plist; sourceTree = "<group>"; };
		D229B5EC1FC3125D00F04123 /* InfoLabelTests.swift */ = {isa = PBXFileReference; lastKnownFileType = sourcecode.swift; path = InfoLabelTests.swift; sourceTree = "<group>"; };
		D2D71BBB1D54DA77006AB907 /* AssetManager.swift */ = {isa = PBXFileReference; fileEncoding = 4; lastKnownFileType = sourcecode.swift; path = AssetManager.swift; sourceTree = "<group>"; };
		D5026B3B1C5BF3FD003BC1A3 /* LightboxImage.swift */ = {isa = PBXFileReference; fileEncoding = 4; lastKnownFileType = sourcecode.swift; path = LightboxImage.swift; sourceTree = "<group>"; };
		D523B0A91C43AA2A001AD1EC /* Lightbox.framework */ = {isa = PBXFileReference; explicitFileType = wrapper.framework; includeInIndex = 0; path = Lightbox.framework; sourceTree = BUILT_PRODUCTS_DIR; };
		D523B0AE1C43AA2A001AD1EC /* Info.plist */ = {isa = PBXFileReference; lastKnownFileType = text.plist.xml; path = Info.plist; sourceTree = "<group>"; };
		D523B0B61C43AA8A001AD1EC /* LightboxConfig.swift */ = {isa = PBXFileReference; fileEncoding = 4; lastKnownFileType = sourcecode.swift; path = LightboxConfig.swift; sourceTree = "<group>"; };
		D523B0B71C43AA8A001AD1EC /* LightboxController.swift */ = {isa = PBXFileReference; fileEncoding = 4; lastKnownFileType = sourcecode.swift; path = LightboxController.swift; sourceTree = "<group>"; };
		D54DFCBC1C5AAAD600ADEA0E /* InfoLabel.swift */ = {isa = PBXFileReference; fileEncoding = 4; lastKnownFileType = sourcecode.swift; path = InfoLabel.swift; sourceTree = "<group>"; };
		D54DFCBD1C5AAAD600ADEA0E /* PageView.swift */ = {isa = PBXFileReference; fileEncoding = 4; lastKnownFileType = sourcecode.swift; path = PageView.swift; sourceTree = "<group>"; };
		D56F15C71E0AB79800F128AF /* LoadingIndicator.swift */ = {isa = PBXFileReference; fileEncoding = 4; lastKnownFileType = sourcecode.swift; path = LoadingIndicator.swift; sourceTree = "<group>"; };
		D573A2EF1C5B5605006053DD /* HeaderView.swift */ = {isa = PBXFileReference; fileEncoding = 4; lastKnownFileType = sourcecode.swift; path = HeaderView.swift; sourceTree = "<group>"; };
		D573A2F21C5B5C7B006053DD /* LayoutConfigurable.swift */ = {isa = PBXFileReference; fileEncoding = 4; lastKnownFileType = sourcecode.swift; path = LayoutConfigurable.swift; sourceTree = "<group>"; };
		D573A2F41C5B5CA4006053DD /* LightboxTransition.swift */ = {isa = PBXFileReference; fileEncoding = 4; lastKnownFileType = sourcecode.swift; path = LightboxTransition.swift; sourceTree = "<group>"; };
		D573A2F61C5B5E55006053DD /* UIView+Gradient.swift */ = {isa = PBXFileReference; fileEncoding = 4; lastKnownFileType = sourcecode.swift; path = "UIView+Gradient.swift"; sourceTree = "<group>"; };
		D58A18CA1C5ABF8F000024BB /* FooterView.swift */ = {isa = PBXFileReference; fileEncoding = 4; lastKnownFileType = sourcecode.swift; path = FooterView.swift; sourceTree = "<group>"; };
/* End PBXFileReference section */

/* Begin PBXFrameworksBuildPhase section */
		D229B5DE1FC3123F00F04123 /* Frameworks */ = {
			isa = PBXFrameworksBuildPhase;
			buildActionMask = 2147483647;
			files = (
				D229B5E61FC3123F00F04123 /* Lightbox.framework in Frameworks */,
			);
			runOnlyForDeploymentPostprocessing = 0;
		};
		D523B0A51C43AA2A001AD1EC /* Frameworks */ = {
			isa = PBXFrameworksBuildPhase;
			buildActionMask = 2147483647;
			files = (
			);
			runOnlyForDeploymentPostprocessing = 0;
		};
/* End PBXFrameworksBuildPhase section */

/* Begin PBXGroup section */
		C926B60E21C3702400D68ED1 /* Imaginary */ = {
			isa = PBXGroup;
			children = (
				C926B60F21C3702400D68ED1 /* View+Imaginary.swift */,
				C926B61021C3702400D68ED1 /* ImageFetcher.swift */,
			);
			name = Imaginary;
			path = Sources/Imaginary;
			sourceTree = SOURCE_ROOT;
		};
		C9B631D521C30FF8005436BC /* Configurations */ = {
			isa = PBXGroup;
			children = (
				C9B631D921C30FF8005436BC /* Project */,
				C9B631D621C30FF8005436BC /* iOS */,
			);
			name = Configurations;
			path = Carthage/Checkouts/xcconfigs;
			sourceTree = "<group>";
		};
		C9B631D621C30FF8005436BC /* iOS */ = {
			isa = PBXGroup;
			children = (
				C9B631D721C30FF8005436BC /* iOS-Framework.xcconfig */,
				C9B631D821C30FF8005436BC /* iOS-Application.xcconfig */,
			);
			path = iOS;
			sourceTree = "<group>";
		};
		C9B631D921C30FF8005436BC /* Project */ = {
			isa = PBXGroup;
			children = (
				C9B631DA21C30FF8005436BC /* Debug.xcconfig */,
				C9B631DB21C30FF8005436BC /* Release.xcconfig */,
			);
			name = Project;
			path = Base/Configurations;
			sourceTree = "<group>";
		};
		D22006721DFB4D9700E92898 /* Resources */ = {
			isa = PBXGroup;
			children = (
				D523B0AE1C43AA2A001AD1EC /* Info.plist */,
				D22006731DFB4D9700E92898 /* Lightbox.bundle */,
			);
			path = Resources;
			sourceTree = "<group>";
		};
		D229B5E21FC3123F00F04123 /* Tests */ = {
			isa = PBXGroup;
			children = (
				D229B5E51FC3123F00F04123 /* Info.plist */,
				D229B5EC1FC3125D00F04123 /* InfoLabelTests.swift */,
			);
			path = Tests;
			sourceTree = "<group>";
		};
		D523B09F1C43AA2A001AD1EC = {
			isa = PBXGroup;
			children = (
				D523B0B41C43AA8A001AD1EC /* Sources */,
				D22006721DFB4D9700E92898 /* Resources */,
				D229B5E21FC3123F00F04123 /* Tests */,
				C9B631D521C30FF8005436BC /* Configurations */,
				D523B0AA1C43AA2A001AD1EC /* Products */,
			);
			indentWidth = 4;
			sourceTree = "<group>";
			tabWidth = 4;
		};
		D523B0AA1C43AA2A001AD1EC /* Products */ = {
			isa = PBXGroup;
			children = (
				D523B0A91C43AA2A001AD1EC /* Lightbox.framework */,
				D229B5E11FC3123F00F04123 /* LightboxTests.xctest */,
			);
			name = Products;
			sourceTree = "<group>";
		};
		D523B0B41C43AA8A001AD1EC /* Sources */ = {
			isa = PBXGroup;
			children = (
				C926B60E21C3702400D68ED1 /* Imaginary */,
				D573A2F11C5B5C72006053DD /* Library */,
				D54DFCBB1C5AAAD600ADEA0E /* Views */,
				D523B0B61C43AA8A001AD1EC /* LightboxConfig.swift */,
				D523B0B71C43AA8A001AD1EC /* LightboxController.swift */,
				D5026B3B1C5BF3FD003BC1A3 /* LightboxImage.swift */,
				166E3BA820333E04006799C1 /* LightboxImageStub.swift */,
				D2D71BBB1D54DA77006AB907 /* AssetManager.swift */,
			);
			path = Sources;
			sourceTree = "<group>";
		};
		D54DFCBB1C5AAAD600ADEA0E /* Views */ = {
			isa = PBXGroup;
			children = (
				D56F15C71E0AB79800F128AF /* LoadingIndicator.swift */,
				D573A2EF1C5B5605006053DD /* HeaderView.swift */,
				D58A18CA1C5ABF8F000024BB /* FooterView.swift */,
				D54DFCBD1C5AAAD600ADEA0E /* PageView.swift */,
				D54DFCBC1C5AAAD600ADEA0E /* InfoLabel.swift */,
			);
			path = Views;
			sourceTree = "<group>";
		};
		D573A2F11C5B5C72006053DD /* Library */ = {
			isa = PBXGroup;
			children = (
				D573A2F41C5B5CA4006053DD /* LightboxTransition.swift */,
				D573A2F21C5B5C7B006053DD /* LayoutConfigurable.swift */,
				D573A2F61C5B5E55006053DD /* UIView+Gradient.swift */,
				D2258CC3215CD035005A9A1C /* Color+Extensions.swift */,
			);
			path = Library;
			sourceTree = "<group>";
		};
/* End PBXGroup section */

/* Begin PBXHeadersBuildPhase section */
		D523B0A61C43AA2A001AD1EC /* Headers */ = {
			isa = PBXHeadersBuildPhase;
			buildActionMask = 2147483647;
			files = (
			);
			runOnlyForDeploymentPostprocessing = 0;
		};
/* End PBXHeadersBuildPhase section */

/* Begin PBXNativeTarget section */
		D229B5E01FC3123F00F04123 /* LightboxTests */ = {
			isa = PBXNativeTarget;
			buildConfigurationList = D229B5E91FC3123F00F04123 /* Build configuration list for PBXNativeTarget "LightboxTests" */;
			buildPhases = (
				D229B5DD1FC3123F00F04123 /* Sources */,
				D229B5DE1FC3123F00F04123 /* Frameworks */,
				D229B5DF1FC3123F00F04123 /* Resources */,
			);
			buildRules = (
			);
			dependencies = (
				D229B5E81FC3123F00F04123 /* PBXTargetDependency */,
			);
			name = LightboxTests;
			productName = "Lightbox-iOS-Tests";
			productReference = D229B5E11FC3123F00F04123 /* LightboxTests.xctest */;
			productType = "com.apple.product-type.bundle.unit-test";
		};
		D523B0A81C43AA2A001AD1EC /* Lightbox */ = {
			isa = PBXNativeTarget;
			buildConfigurationList = D523B0B11C43AA2A001AD1EC /* Build configuration list for PBXNativeTarget "Lightbox" */;
			buildPhases = (
				D523B0A41C43AA2A001AD1EC /* Sources */,
				D523B0A51C43AA2A001AD1EC /* Frameworks */,
				D523B0A61C43AA2A001AD1EC /* Headers */,
				D523B0A71C43AA2A001AD1EC /* Resources */,
			);
			buildRules = (
			);
			dependencies = (
			);
			name = Lightbox;
			productName = Lightbox;
			productReference = D523B0A91C43AA2A001AD1EC /* Lightbox.framework */;
			productType = "com.apple.product-type.framework";
		};
/* End PBXNativeTarget section */

/* Begin PBXProject section */
		D523B0A01C43AA2A001AD1EC /* Project object */ = {
			isa = PBXProject;
			attributes = {
				LastSwiftUpdateCheck = 0910;
				LastUpgradeCheck = 1000;
				ORGANIZATIONNAME = "Hyper Interaktiv AS";
				TargetAttributes = {
					D229B5E01FC3123F00F04123 = {
						CreatedOnToolsVersion = 9.1;
					};
					D523B0A81C43AA2A001AD1EC = {
						CreatedOnToolsVersion = 7.2;
						LastSwiftMigration = 0900;
					};
				};
			};
			buildConfigurationList = D523B0A31C43AA2A001AD1EC /* Build configuration list for PBXProject "Lightbox" */;
			compatibilityVersion = "Xcode 3.2";
			developmentRegion = English;
			hasScannedForEncodings = 0;
			knownRegions = (
				en,
			);
			mainGroup = D523B09F1C43AA2A001AD1EC;
			productRefGroup = D523B0AA1C43AA2A001AD1EC /* Products */;
			projectDirPath = "";
			projectRoot = "";
			targets = (
				D523B0A81C43AA2A001AD1EC /* Lightbox */,
				D229B5E01FC3123F00F04123 /* LightboxTests */,
			);
		};
/* End PBXProject section */

/* Begin PBXResourcesBuildPhase section */
		D229B5DF1FC3123F00F04123 /* Resources */ = {
			isa = PBXResourcesBuildPhase;
			buildActionMask = 2147483647;
			files = (
			);
			runOnlyForDeploymentPostprocessing = 0;
		};
		D523B0A71C43AA2A001AD1EC /* Resources */ = {
			isa = PBXResourcesBuildPhase;
			buildActionMask = 2147483647;
			files = (
				D22006741DFB4D9700E92898 /* Lightbox.bundle in Resources */,
			);
			runOnlyForDeploymentPostprocessing = 0;
		};
/* End PBXResourcesBuildPhase section */

/* Begin PBXSourcesBuildPhase section */
		D229B5DD1FC3123F00F04123 /* Sources */ = {
			isa = PBXSourcesBuildPhase;
			buildActionMask = 2147483647;
			files = (
				D229B5ED1FC3125D00F04123 /* InfoLabelTests.swift in Sources */,
			);
			runOnlyForDeploymentPostprocessing = 0;
		};
		D523B0A41C43AA2A001AD1EC /* Sources */ = {
			isa = PBXSourcesBuildPhase;
			buildActionMask = 2147483647;
			files = (
				D56F15C81E0AB79800F128AF /* LoadingIndicator.swift in Sources */,
				C926B61221C3702400D68ED1 /* ImageFetcher.swift in Sources */,
				D54DFCBF1C5AAAD600ADEA0E /* PageView.swift in Sources */,
				D573A2F71C5B5E55006053DD /* UIView+Gradient.swift in Sources */,
				D523B0BD1C43AA8B001AD1EC /* LightboxConfig.swift in Sources */,
				D573A2F31C5B5C7B006053DD /* LayoutConfigurable.swift in Sources */,
				D5026B3C1C5BF3FD003BC1A3 /* LightboxImage.swift in Sources */,
				D523B0BE1C43AA8B001AD1EC /* LightboxController.swift in Sources */,
				D54DFCBE1C5AAAD600ADEA0E /* InfoLabel.swift in Sources */,
				D58A18CB1C5ABF8F000024BB /* FooterView.swift in Sources */,
				D573A2F01C5B5605006053DD /* HeaderView.swift in Sources */,
				D573A2F51C5B5CA4006053DD /* LightboxTransition.swift in Sources */,
				D2258CC4215CD035005A9A1C /* Color+Extensions.swift in Sources */,
				166E3BA920333E04006799C1 /* LightboxImageStub.swift in Sources */,
				C926B61121C3702400D68ED1 /* View+Imaginary.swift in Sources */,
				D2D71BBC1D54DA77006AB907 /* AssetManager.swift in Sources */,
			);
			runOnlyForDeploymentPostprocessing = 0;
		};
/* End PBXSourcesBuildPhase section */

/* Begin PBXTargetDependency section */
		D229B5E81FC3123F00F04123 /* PBXTargetDependency */ = {
			isa = PBXTargetDependency;
			target = D523B0A81C43AA2A001AD1EC /* Lightbox */;
			targetProxy = D229B5E71FC3123F00F04123 /* PBXContainerItemProxy */;
		};
/* End PBXTargetDependency section */

/* Begin XCBuildConfiguration section */
		D229B5EA1FC3123F00F04123 /* Debug */ = {
			isa = XCBuildConfiguration;
			baseConfigurationReference = C9B631D821C30FF8005436BC /* iOS-Application.xcconfig */;
			buildSettings = {
				INFOPLIST_FILE = "$(SRCROOT)/Tests/Info.plist";
				PRODUCT_BUNDLE_IDENTIFIER = com.fantageek.LightboxTests;
				PRODUCT_NAME = "$(TARGET_NAME)";
			};
			name = Debug;
		};
		D229B5EB1FC3123F00F04123 /* Release */ = {
			isa = XCBuildConfiguration;
			baseConfigurationReference = C9B631D821C30FF8005436BC /* iOS-Application.xcconfig */;
			buildSettings = {
				INFOPLIST_FILE = "$(SRCROOT)/Tests/Info.plist";
				PRODUCT_BUNDLE_IDENTIFIER = com.fantageek.LightboxTests;
				PRODUCT_NAME = "$(TARGET_NAME)";
			};
			name = Release;
		};
		D523B0AF1C43AA2A001AD1EC /* Debug */ = {
			isa = XCBuildConfiguration;
			baseConfigurationReference = C9B631DA21C30FF8005436BC /* Debug.xcconfig */;
			buildSettings = {
				CLANG_ANALYZER_NUMBER_OBJECT_CONVERSION = YES_AGGRESSIVE;
				CLANG_WARN_DOCUMENTATION_COMMENTS = YES;
				CLANG_WARN_UNGUARDED_AVAILABILITY = YES_AGGRESSIVE;
				CURRENT_PROJECT_VERSION = 1;
				DEBUG_INFORMATION_FORMAT = dwarf;
				GCC_WARN_UNINITIALIZED_AUTOS = YES_AGGRESSIVE;
				IPHONEOS_DEPLOYMENT_TARGET = 9.0;
				SDKROOT = iphoneos;
				SWIFT_VERSION = 4.2;
				TARGETED_DEVICE_FAMILY = "1,2";
				VERSIONING_SYSTEM = "apple-generic";
				VERSION_INFO_PREFIX = "";
			};
			name = Debug;
		};
		D523B0B01C43AA2A001AD1EC /* Release */ = {
			isa = XCBuildConfiguration;
			baseConfigurationReference = C9B631DB21C30FF8005436BC /* Release.xcconfig */;
			buildSettings = {
				CLANG_ANALYZER_NUMBER_OBJECT_CONVERSION = YES_AGGRESSIVE;
				CLANG_WARN_DOCUMENTATION_COMMENTS = YES;
				CLANG_WARN_UNGUARDED_AVAILABILITY = YES_AGGRESSIVE;
				CURRENT_PROJECT_VERSION = 1;
				ENABLE_NS_ASSERTIONS = NO;
				GCC_WARN_UNINITIALIZED_AUTOS = YES_AGGRESSIVE;
				IPHONEOS_DEPLOYMENT_TARGET = 9.0;
				SDKROOT = iphoneos;
				SWIFT_VERSION = 4.2;
				TARGETED_DEVICE_FAMILY = "1,2";
				VERSIONING_SYSTEM = "apple-generic";
				VERSION_INFO_PREFIX = "";
			};
			name = Release;
		};
		D523B0B21C43AA2A001AD1EC /* Debug */ = {
			isa = XCBuildConfiguration;
			baseConfigurationReference = C9B631D721C30FF8005436BC /* iOS-Framework.xcconfig */;
			buildSettings = {
				APPLICATION_EXTENSION_API_ONLY = NO;
				INFOPLIST_FILE = "$(SRCROOT)/Resources/Info.plist";
				PRODUCT_BUNDLE_IDENTIFIER = no.hyper.Lightbox;
				PRODUCT_NAME = Lightbox;
			};
			name = Debug;
		};
		D523B0B31C43AA2A001AD1EC /* Release */ = {
			isa = XCBuildConfiguration;
			baseConfigurationReference = C9B631D721C30FF8005436BC /* iOS-Framework.xcconfig */;
			buildSettings = {
				APPLICATION_EXTENSION_API_ONLY = NO;
				INFOPLIST_FILE = "$(SRCROOT)/Resources/Info.plist";
				PRODUCT_BUNDLE_IDENTIFIER = no.hyper.Lightbox;
				PRODUCT_NAME = Lightbox;
			};
			name = Release;
		};
/* End XCBuildConfiguration section */

/* Begin XCConfigurationList section */
		D229B5E91FC3123F00F04123 /* Build configuration list for PBXNativeTarget "LightboxTests" */ = {
			isa = XCConfigurationList;
			buildConfigurations = (
				D229B5EA1FC3123F00F04123 /* Debug */,
				D229B5EB1FC3123F00F04123 /* Release */,
			);
			defaultConfigurationIsVisible = 0;
			defaultConfigurationName = Release;
		};
		D523B0A31C43AA2A001AD1EC /* Build configuration list for PBXProject "Lightbox" */ = {
			isa = XCConfigurationList;
			buildConfigurations = (
				D523B0AF1C43AA2A001AD1EC /* Debug */,
				D523B0B01C43AA2A001AD1EC /* Release */,
			);
			defaultConfigurationIsVisible = 0;
			defaultConfigurationName = Release;
		};
		D523B0B11C43AA2A001AD1EC /* Build configuration list for PBXNativeTarget "Lightbox" */ = {
			isa = XCConfigurationList;
			buildConfigurations = (
				D523B0B21C43AA2A001AD1EC /* Debug */,
				D523B0B31C43AA2A001AD1EC /* Release */,
			);
			defaultConfigurationIsVisible = 0;
			defaultConfigurationName = Release;
		};
/* End XCConfigurationList section */
	};
	rootObject = D523B0A01C43AA2A001AD1EC /* Project object */;
}
